
Microsoft Visual Studio Solution File, Format Version 12.00
# Visual Studio Version 17
VisualStudioVersion = 17.0.31919.166
MinimumVisualStudioVersion = 10.0.40219.1
Project("{FAE04EC0-301F-11D3-BF4B-00C04F79EFBC}") = "ValletX", "ValletX\ValletX.csproj", "{918C811A-D2EA-427C-9B40-198814639D2D}"
EndProject
Global
	GlobalSection(SolutionConfigurationPlatforms) = preSolution
		Debug|Any CPU = Debug|Any CPU
		Release|Any CPU = Release|Any CPU
	EndGlobalSection
	GlobalSection(ProjectConfigurationPlatforms) = postSolution
		{918C811A-D2EA-427C-9B40-198814639D2D}.Debug|Any CPU.ActiveCfg = Debug|Any CPU
		{918C811A-D2EA-427C-9B40-198814639D2D}.Debug|Any CPU.Build.0 = Debug|Any CPU
		{918C811A-D2EA-427C-9B40-198814639D2D}.Release|Any CPU.ActiveCfg = Release|Any CPU
		{918C811A-D2EA-427C-9B40-198814639D2D}.Release|Any CPU.Build.0 = Release|Any CPU
	EndGlobalSection
	GlobalSection(SolutionProperties) = preSolution
		HideSolutionNode = FALSE
	EndGlobalSection
	GlobalSection(ExtensibilityGlobals) = postSolution
		SolutionGuid = {A9C81C53-153F-4C0A-AB87-B861D86DB24B}
	EndGlobalSection
EndGlobal
